// !$*UTF8*$!
{
	archiveVersion = 1;
	classes = {
	};
	objectVersion = 46;
	objects = {

/* Begin PBXBuildFile section */
		01665B98FC92FF7775D2DFB9 /* Pods_instagramTests.framework in Frameworks */ = {isa = PBXBuildFile; fileRef = 327292626C7F1BB6469DFDF4 /* Pods_instagramTests.framework */; };
		130E7C36D003E63355725AE9 /* Pods_instagramUITests.framework in Frameworks */ = {isa = PBXBuildFile; fileRef = 6E65FAB6CB4D5E86C6FCBD7C /* Pods_instagramUITests.framework */; };
		7AE1AE42DC02EF95BAB35303 /* Pods_instagram.framework in Frameworks */ = {isa = PBXBuildFile; fileRef = 9403BF745E768566CD88AE0B /* Pods_instagram.framework */; };
		EFB84FF11F0310A60046E7FF /* LoginViewController.swift in Sources */ = {isa = PBXBuildFile; fileRef = EFB84FF01F0310A60046E7FF /* LoginViewController.swift */; };
		EFB84FF41F0327C30046E7FF /* HomeViewController.swift in Sources */ = {isa = PBXBuildFile; fileRef = EFB84FF31F0327C30046E7FF /* HomeViewController.swift */; };
		EFC19F861F05868300448ABB /* Post.swift in Sources */ = {isa = PBXBuildFile; fileRef = EFC19F851F05868300448ABB /* Post.swift */; };
		EFF428E51F0302B300B6E6CA /* AppDelegate.swift in Sources */ = {isa = PBXBuildFile; fileRef = EFF428E41F0302B300B6E6CA /* AppDelegate.swift */; };
		EFF428E71F0302B300B6E6CA /* ViewController.swift in Sources */ = {isa = PBXBuildFile; fileRef = EFF428E61F0302B300B6E6CA /* ViewController.swift */; };
		EFF428EA1F0302B300B6E6CA /* Main.storyboard in Resources */ = {isa = PBXBuildFile; fileRef = EFF428E81F0302B300B6E6CA /* Main.storyboard */; };
		EFF428EC1F0302B300B6E6CA /* Assets.xcassets in Resources */ = {isa = PBXBuildFile; fileRef = EFF428EB1F0302B300B6E6CA /* Assets.xcassets */; };
		EFF428EF1F0302B300B6E6CA /* LaunchScreen.storyboard in Resources */ = {isa = PBXBuildFile; fileRef = EFF428ED1F0302B300B6E6CA /* LaunchScreen.storyboard */; };
		EFF428FA1F0302B300B6E6CA /* instagramTests.swift in Sources */ = {isa = PBXBuildFile; fileRef = EFF428F91F0302B300B6E6CA /* instagramTests.swift */; };
		EFF429051F0302B300B6E6CA /* instagramUITests.swift in Sources */ = {isa = PBXBuildFile; fileRef = EFF429041F0302B300B6E6CA /* instagramUITests.swift */; };
		EFFCEBEB1F04246000D622BE /* ProfileViewController.swift in Sources */ = {isa = PBXBuildFile; fileRef = EFFCEBEA1F04246000D622BE /* ProfileViewController.swift */; };
		EFFCEBEF1F04520000D622BE /* feedPostCell.swift in Sources */ = {isa = PBXBuildFile; fileRef = EFFCEBEE1F04520000D622BE /* feedPostCell.swift */; };
		EFFCEBF11F0464B400D622BE /* MakePostViewController.swift in Sources */ = {isa = PBXBuildFile; fileRef = EFFCEBF01F0464B400D622BE /* MakePostViewController.swift */; };
		EFFCEBF31F0486F500D622BE /* AddCaptionViewController.swift in Sources */ = {isa = PBXBuildFile; fileRef = EFFCEBF21F0486F500D622BE /* AddCaptionViewController.swift */; };
/* End PBXBuildFile section */

/* Begin PBXContainerItemProxy section */
		EFF428F61F0302B300B6E6CA /* PBXContainerItemProxy */ = {
			isa = PBXContainerItemProxy;
			containerPortal = EFF428D91F0302B300B6E6CA /* Project object */;
			proxyType = 1;
			remoteGlobalIDString = EFF428E01F0302B300B6E6CA;
			remoteInfo = instagram;
		};
		EFF429011F0302B300B6E6CA /* PBXContainerItemProxy */ = {
			isa = PBXContainerItemProxy;
			containerPortal = EFF428D91F0302B300B6E6CA /* Project object */;
			proxyType = 1;
			remoteGlobalIDString = EFF428E01F0302B300B6E6CA;
			remoteInfo = instagram;
		};
/* End PBXContainerItemProxy section */

/* Begin PBXFileReference section */
		2AD922271D30A19166FB411D /* Pods-instagramUITests.release.xcconfig */ = {isa = PBXFileReference; includeInIndex = 1; lastKnownFileType = text.xcconfig; name = "Pods-instagramUITests.release.xcconfig"; path = "Pods/Target Support Files/Pods-instagramUITests/Pods-instagramUITests.release.xcconfig"; sourceTree = "<group>"; };
		327292626C7F1BB6469DFDF4 /* Pods_instagramTests.framework */ = {isa = PBXFileReference; explicitFileType = wrapper.framework; includeInIndex = 0; path = Pods_instagramTests.framework; sourceTree = BUILT_PRODUCTS_DIR; };
		6E65FAB6CB4D5E86C6FCBD7C /* Pods_instagramUITests.framework */ = {isa = PBXFileReference; explicitFileType = wrapper.framework; includeInIndex = 0; path = Pods_instagramUITests.framework; sourceTree = BUILT_PRODUCTS_DIR; };
		93DE7BE69C9D594046B8C833 /* Pods-instagram.release.xcconfig */ = {isa = PBXFileReference; includeInIndex = 1; lastKnownFileType = text.xcconfig; name = "Pods-instagram.release.xcconfig"; path = "Pods/Target Support Files/Pods-instagram/Pods-instagram.release.xcconfig"; sourceTree = "<group>"; };
		9403BF745E768566CD88AE0B /* Pods_instagram.framework */ = {isa = PBXFileReference; explicitFileType = wrapper.framework; includeInIndex = 0; path = Pods_instagram.framework; sourceTree = BUILT_PRODUCTS_DIR; };
		B19F6A52063B65B4A4CF5407 /* Pods-instagramTests.debug.xcconfig */ = {isa = PBXFileReference; includeInIndex = 1; lastKnownFileType = text.xcconfig; name = "Pods-instagramTests.debug.xcconfig"; path = "Pods/Target Support Files/Pods-instagramTests/Pods-instagramTests.debug.xcconfig"; sourceTree = "<group>"; };
		D6C6D43B16879963A9544657 /* Pods-instagram.debug.xcconfig */ = {isa = PBXFileReference; includeInIndex = 1; lastKnownFileType = text.xcconfig; name = "Pods-instagram.debug.xcconfig"; path = "Pods/Target Support Files/Pods-instagram/Pods-instagram.debug.xcconfig"; sourceTree = "<group>"; };
		DA68C1B7EBA73761EDD34CF5 /* Pods-instagramUITests.debug.xcconfig */ = {isa = PBXFileReference; includeInIndex = 1; lastKnownFileType = text.xcconfig; name = "Pods-instagramUITests.debug.xcconfig"; path = "Pods/Target Support Files/Pods-instagramUITests/Pods-instagramUITests.debug.xcconfig"; sourceTree = "<group>"; };
		EFB84FF01F0310A60046E7FF /* LoginViewController.swift */ = {isa = PBXFileReference; fileEncoding = 4; lastKnownFileType = sourcecode.swift; path = LoginViewController.swift; sourceTree = "<group>"; };
		EFB84FF31F0327C30046E7FF /* HomeViewController.swift */ = {isa = PBXFileReference; fileEncoding = 4; lastKnownFileType = sourcecode.swift; path = HomeViewController.swift; sourceTree = "<group>"; };
		EFC19F851F05868300448ABB /* Post.swift */ = {isa = PBXFileReference; fileEncoding = 4; lastKnownFileType = sourcecode.swift; path = Post.swift; sourceTree = "<group>"; };
		EFF428E11F0302B300B6E6CA /* instagram.app */ = {isa = PBXFileReference; explicitFileType = wrapper.application; includeInIndex = 0; path = instagram.app; sourceTree = BUILT_PRODUCTS_DIR; };
		EFF428E41F0302B300B6E6CA /* AppDelegate.swift */ = {isa = PBXFileReference; lastKnownFileType = sourcecode.swift; path = AppDelegate.swift; sourceTree = "<group>"; };
		EFF428E61F0302B300B6E6CA /* ViewController.swift */ = {isa = PBXFileReference; lastKnownFileType = sourcecode.swift; path = ViewController.swift; sourceTree = "<group>"; };
		EFF428E91F0302B300B6E6CA /* Base */ = {isa = PBXFileReference; lastKnownFileType = file.storyboard; name = Base; path = Base.lproj/Main.storyboard; sourceTree = "<group>"; };
		EFF428EB1F0302B300B6E6CA /* Assets.xcassets */ = {isa = PBXFileReference; lastKnownFileType = folder.assetcatalog; path = Assets.xcassets; sourceTree = "<group>"; };
		EFF428EE1F0302B300B6E6CA /* Base */ = {isa = PBXFileReference; lastKnownFileType = file.storyboard; name = Base; path = Base.lproj/LaunchScreen.storyboard; sourceTree = "<group>"; };
		EFF428F01F0302B300B6E6CA /* Info.plist */ = {isa = PBXFileReference; lastKnownFileType = text.plist.xml; path = Info.plist; sourceTree = "<group>"; };
		EFF428F51F0302B300B6E6CA /* instagramTests.xctest */ = {isa = PBXFileReference; explicitFileType = wrapper.cfbundle; includeInIndex = 0; path = instagramTests.xctest; sourceTree = BUILT_PRODUCTS_DIR; };
		EFF428F91F0302B300B6E6CA /* instagramTests.swift */ = {isa = PBXFileReference; lastKnownFileType = sourcecode.swift; path = instagramTests.swift; sourceTree = "<group>"; };
		EFF428FB1F0302B300B6E6CA /* Info.plist */ = {isa = PBXFileReference; lastKnownFileType = text.plist.xml; path = Info.plist; sourceTree = "<group>"; };
		EFF429001F0302B300B6E6CA /* instagramUITests.xctest */ = {isa = PBXFileReference; explicitFileType = wrapper.cfbundle; includeInIndex = 0; path = instagramUITests.xctest; sourceTree = BUILT_PRODUCTS_DIR; };
		EFF429041F0302B300B6E6CA /* instagramUITests.swift */ = {isa = PBXFileReference; lastKnownFileType = sourcecode.swift; path = instagramUITests.swift; sourceTree = "<group>"; };
		EFF429061F0302B300B6E6CA /* Info.plist */ = {isa = PBXFileReference; lastKnownFileType = text.plist.xml; path = Info.plist; sourceTree = "<group>"; };
		EFFCEBEA1F04246000D622BE /* ProfileViewController.swift */ = {isa = PBXFileReference; fileEncoding = 4; lastKnownFileType = sourcecode.swift; path = ProfileViewController.swift; sourceTree = "<group>"; };
		EFFCEBEE1F04520000D622BE /* feedPostCell.swift */ = {isa = PBXFileReference; fileEncoding = 4; lastKnownFileType = sourcecode.swift; path = feedPostCell.swift; sourceTree = "<group>"; };
		EFFCEBF01F0464B400D622BE /* MakePostViewController.swift */ = {isa = PBXFileReference; fileEncoding = 4; lastKnownFileType = sourcecode.swift; path = MakePostViewController.swift; sourceTree = "<group>"; };
		EFFCEBF21F0486F500D622BE /* AddCaptionViewController.swift */ = {isa = PBXFileReference; fileEncoding = 4; lastKnownFileType = sourcecode.swift; path = AddCaptionViewController.swift; sourceTree = "<group>"; };
		FF349270CF9F553BAF883DE1 /* Pods-instagramTests.release.xcconfig */ = {isa = PBXFileReference; includeInIndex = 1; lastKnownFileType = text.xcconfig; name = "Pods-instagramTests.release.xcconfig"; path = "Pods/Target Support Files/Pods-instagramTests/Pods-instagramTests.release.xcconfig"; sourceTree = "<group>"; };
/* End PBXFileReference section */

/* Begin PBXFrameworksBuildPhase section */
		EFF428DE1F0302B300B6E6CA /* Frameworks */ = {
			isa = PBXFrameworksBuildPhase;
			buildActionMask = 2147483647;
			files = (
				7AE1AE42DC02EF95BAB35303 /* Pods_instagram.framework in Frameworks */,
			);
			runOnlyForDeploymentPostprocessing = 0;
		};
		EFF428F21F0302B300B6E6CA /* Frameworks */ = {
			isa = PBXFrameworksBuildPhase;
			buildActionMask = 2147483647;
			files = (
				01665B98FC92FF7775D2DFB9 /* Pods_instagramTests.framework in Frameworks */,
			);
			runOnlyForDeploymentPostprocessing = 0;
		};
		EFF428FD1F0302B300B6E6CA /* Frameworks */ = {
			isa = PBXFrameworksBuildPhase;
			buildActionMask = 2147483647;
			files = (
				130E7C36D003E63355725AE9 /* Pods_instagramUITests.framework in Frameworks */,
			);
			runOnlyForDeploymentPostprocessing = 0;
		};
/* End PBXFrameworksBuildPhase section */

/* Begin PBXGroup section */
		77237CBAE47B0C51C66D2058 /* Frameworks */ = {
			isa = PBXGroup;
			children = (
				9403BF745E768566CD88AE0B /* Pods_instagram.framework */,
				327292626C7F1BB6469DFDF4 /* Pods_instagramTests.framework */,
				6E65FAB6CB4D5E86C6FCBD7C /* Pods_instagramUITests.framework */,
			);
			name = Frameworks;
			sourceTree = "<group>";
		};
		C78A547E869E5311BCF5CA75 /* Pods */ = {
			isa = PBXGroup;
			children = (
				D6C6D43B16879963A9544657 /* Pods-instagram.debug.xcconfig */,
				93DE7BE69C9D594046B8C833 /* Pods-instagram.release.xcconfig */,
				B19F6A52063B65B4A4CF5407 /* Pods-instagramTests.debug.xcconfig */,
				FF349270CF9F553BAF883DE1 /* Pods-instagramTests.release.xcconfig */,
				DA68C1B7EBA73761EDD34CF5 /* Pods-instagramUITests.debug.xcconfig */,
				2AD922271D30A19166FB411D /* Pods-instagramUITests.release.xcconfig */,
			);
			name = Pods;
			sourceTree = "<group>";
		};
		EFF428D81F0302B300B6E6CA = {
			isa = PBXGroup;
			children = (
				EFF428E31F0302B300B6E6CA /* instagram */,
				EFF428F81F0302B300B6E6CA /* instagramTests */,
				EFF429031F0302B300B6E6CA /* instagramUITests */,
				EFF428E21F0302B300B6E6CA /* Products */,
				C78A547E869E5311BCF5CA75 /* Pods */,
				77237CBAE47B0C51C66D2058 /* Frameworks */,
			);
			sourceTree = "<group>";
		};
		EFF428E21F0302B300B6E6CA /* Products */ = {
			isa = PBXGroup;
			children = (
				EFF428E11F0302B300B6E6CA /* instagram.app */,
				EFF428F51F0302B300B6E6CA /* instagramTests.xctest */,
				EFF429001F0302B300B6E6CA /* instagramUITests.xctest */,
			);
			name = Products;
			sourceTree = "<group>";
		};
		EFF428E31F0302B300B6E6CA /* instagram */ = {
			isa = PBXGroup;
			children = (
				EFFCEBED1F0451A200D622BE /* Views */,
				EFFCEBEC1F04517E00D622BE /* View Controllers */,
				EFF428E41F0302B300B6E6CA /* AppDelegate.swift */,
				EFF428E61F0302B300B6E6CA /* ViewController.swift */,
				EFF428E81F0302B300B6E6CA /* Main.storyboard */,
				EFF428EB1F0302B300B6E6CA /* Assets.xcassets */,
				EFF428ED1F0302B300B6E6CA /* LaunchScreen.storyboard */,
				EFF428F01F0302B300B6E6CA /* Info.plist */,
				EFC19F851F05868300448ABB /* Post.swift */,
			);
			path = instagram;
			sourceTree = "<group>";
		};
		EFF428F81F0302B300B6E6CA /* instagramTests */ = {
			isa = PBXGroup;
			children = (
				EFF428F91F0302B300B6E6CA /* instagramTests.swift */,
				EFF428FB1F0302B300B6E6CA /* Info.plist */,
			);
			path = instagramTests;
			sourceTree = "<group>";
		};
		EFF429031F0302B300B6E6CA /* instagramUITests */ = {
			isa = PBXGroup;
			children = (
				EFF429041F0302B300B6E6CA /* instagramUITests.swift */,
				EFF429061F0302B300B6E6CA /* Info.plist */,
			);
			path = instagramUITests;
			sourceTree = "<group>";
		};
		EFFCEBEC1F04517E00D622BE /* View Controllers */ = {
			isa = PBXGroup;
			children = (
				EFFCEBEA1F04246000D622BE /* ProfileViewController.swift */,
				EFB84FF31F0327C30046E7FF /* HomeViewController.swift */,
				EFB84FF01F0310A60046E7FF /* LoginViewController.swift */,
				EFFCEBF01F0464B400D622BE /* MakePostViewController.swift */,
				EFFCEBF21F0486F500D622BE /* AddCaptionViewController.swift */,
			);
			name = "View Controllers";
			sourceTree = "<group>";
		};
		EFFCEBED1F0451A200D622BE /* Views */ = {
			isa = PBXGroup;
			children = (
				EFFCEBEE1F04520000D622BE /* feedPostCell.swift */,
			);
			name = Views;
			sourceTree = "<group>";
		};
/* End PBXGroup section */

/* Begin PBXNativeTarget section */
		EFF428E01F0302B300B6E6CA /* instagram */ = {
			isa = PBXNativeTarget;
			buildConfigurationList = EFF429091F0302B300B6E6CA /* Build configuration list for PBXNativeTarget "instagram" */;
			buildPhases = (
				17B11567578007C1B67EF807 /* [CP] Check Pods Manifest.lock */,
				EFF428DD1F0302B300B6E6CA /* Sources */,
				EFF428DE1F0302B300B6E6CA /* Frameworks */,
				EFF428DF1F0302B300B6E6CA /* Resources */,
				750FFB750686461D21F31BCE /* [CP] Embed Pods Frameworks */,
				E8A210D7D45D9DD104F38FC6 /* [CP] Copy Pods Resources */,
			);
			buildRules = (
			);
			dependencies = (
			);
			name = instagram;
			productName = instagram;
			productReference = EFF428E11F0302B300B6E6CA /* instagram.app */;
			productType = "com.apple.product-type.application";
		};
		EFF428F41F0302B300B6E6CA /* instagramTests */ = {
			isa = PBXNativeTarget;
			buildConfigurationList = EFF4290C1F0302B300B6E6CA /* Build configuration list for PBXNativeTarget "instagramTests" */;
			buildPhases = (
				DD229C2D4CE57086C0BA165E /* [CP] Check Pods Manifest.lock */,
				EFF428F11F0302B300B6E6CA /* Sources */,
				EFF428F21F0302B300B6E6CA /* Frameworks */,
				EFF428F31F0302B300B6E6CA /* Resources */,
				7A03BD6C05D88E57FE337E70 /* [CP] Embed Pods Frameworks */,
				049B60CA0532D919C5993470 /* [CP] Copy Pods Resources */,
			);
			buildRules = (
			);
			dependencies = (
				EFF428F71F0302B300B6E6CA /* PBXTargetDependency */,
			);
			name = instagramTests;
			productName = instagramTests;
			productReference = EFF428F51F0302B300B6E6CA /* instagramTests.xctest */;
			productType = "com.apple.product-type.bundle.unit-test";
		};
		EFF428FF1F0302B300B6E6CA /* instagramUITests */ = {
			isa = PBXNativeTarget;
			buildConfigurationList = EFF4290F1F0302B300B6E6CA /* Build configuration list for PBXNativeTarget "instagramUITests" */;
			buildPhases = (
				182F5068BBC2F1AED3DF4C4C /* [CP] Check Pods Manifest.lock */,
				EFF428FC1F0302B300B6E6CA /* Sources */,
				EFF428FD1F0302B300B6E6CA /* Frameworks */,
				EFF428FE1F0302B300B6E6CA /* Resources */,
				FDF0EBF4A0D13E2D65D0FB14 /* [CP] Embed Pods Frameworks */,
				E176BC605DB4083B7513BA9D /* [CP] Copy Pods Resources */,
			);
			buildRules = (
			);
			dependencies = (
				EFF429021F0302B300B6E6CA /* PBXTargetDependency */,
			);
			name = instagramUITests;
			productName = instagramUITests;
			productReference = EFF429001F0302B300B6E6CA /* instagramUITests.xctest */;
			productType = "com.apple.product-type.bundle.ui-testing";
		};
/* End PBXNativeTarget section */

/* Begin PBXProject section */
		EFF428D91F0302B300B6E6CA /* Project object */ = {
			isa = PBXProject;
			attributes = {
				LastSwiftUpdateCheck = 0830;
				LastUpgradeCheck = 0830;
				ORGANIZATIONNAME = "Rey Oliva";
				TargetAttributes = {
					EFF428E01F0302B300B6E6CA = {
						CreatedOnToolsVersion = 8.3.2;
						DevelopmentTeam = P533X93YKA;
						ProvisioningStyle = Automatic;
					};
					EFF428F41F0302B300B6E6CA = {
						CreatedOnToolsVersion = 8.3.2;
						ProvisioningStyle = Automatic;
						TestTargetID = EFF428E01F0302B300B6E6CA;
					};
					EFF428FF1F0302B300B6E6CA = {
						CreatedOnToolsVersion = 8.3.2;
						ProvisioningStyle = Automatic;
						TestTargetID = EFF428E01F0302B300B6E6CA;
					};
				};
			};
			buildConfigurationList = EFF428DC1F0302B300B6E6CA /* Build configuration list for PBXProject "instagram" */;
			compatibilityVersion = "Xcode 3.2";
			developmentRegion = English;
			hasScannedForEncodings = 0;
			knownRegions = (
				en,
				Base,
			);
			mainGroup = EFF428D81F0302B300B6E6CA;
			productRefGroup = EFF428E21F0302B300B6E6CA /* Products */;
			projectDirPath = "";
			projectRoot = "";
			targets = (
				EFF428E01F0302B300B6E6CA /* instagram */,
				EFF428F41F0302B300B6E6CA /* instagramTests */,
				EFF428FF1F0302B300B6E6CA /* instagramUITests */,
			);
		};
/* End PBXProject section */

/* Begin PBXResourcesBuildPhase section */
		EFF428DF1F0302B300B6E6CA /* Resources */ = {
			isa = PBXResourcesBuildPhase;
			buildActionMask = 2147483647;
			files = (
				EFF428EF1F0302B300B6E6CA /* LaunchScreen.storyboard in Resources */,
				EFF428EC1F0302B300B6E6CA /* Assets.xcassets in Resources */,
				EFF428EA1F0302B300B6E6CA /* Main.storyboard in Resources */,
			);
			runOnlyForDeploymentPostprocessing = 0;
		};
		EFF428F31F0302B300B6E6CA /* Resources */ = {
			isa = PBXResourcesBuildPhase;
			buildActionMask = 2147483647;
			files = (
			);
			runOnlyForDeploymentPostprocessing = 0;
		};
		EFF428FE1F0302B300B6E6CA /* Resources */ = {
			isa = PBXResourcesBuildPhase;
			buildActionMask = 2147483647;
			files = (
			);
			runOnlyForDeploymentPostprocessing = 0;
		};
/* End PBXResourcesBuildPhase section */

/* Begin PBXShellScriptBuildPhase section */
		049B60CA0532D919C5993470 /* [CP] Copy Pods Resources */ = {
			isa = PBXShellScriptBuildPhase;
			buildActionMask = 2147483647;
			files = (
			);
			inputPaths = (
			);
			name = "[CP] Copy Pods Resources";
			outputPaths = (
			);
			runOnlyForDeploymentPostprocessing = 0;
			shellPath = /bin/sh;
			shellScript = "\"${SRCROOT}/Pods/Target Support Files/Pods-instagramTests/Pods-instagramTests-resources.sh\"\n";
			showEnvVarsInLog = 0;
		};
		17B11567578007C1B67EF807 /* [CP] Check Pods Manifest.lock */ = {
			isa = PBXShellScriptBuildPhase;
			buildActionMask = 2147483647;
			files = (
			);
			inputPaths = (
			);
			name = "[CP] Check Pods Manifest.lock";
			outputPaths = (
			);
			runOnlyForDeploymentPostprocessing = 0;
			shellPath = /bin/sh;
			shellScript = "diff \"${PODS_PODFILE_DIR_PATH}/Podfile.lock\" \"${PODS_ROOT}/Manifest.lock\" > /dev/null\nif [ $? != 0 ] ; then\n    # print error to STDERR\n    echo \"error: The sandbox is not in sync with the Podfile.lock. Run 'pod install' or update your CocoaPods installation.\" >&2\n    exit 1\nfi\n";
			showEnvVarsInLog = 0;
		};
		182F5068BBC2F1AED3DF4C4C /* [CP] Check Pods Manifest.lock */ = {
			isa = PBXShellScriptBuildPhase;
			buildActionMask = 2147483647;
			files = (
			);
			inputPaths = (
			);
			name = "[CP] Check Pods Manifest.lock";
			outputPaths = (
			);
			runOnlyForDeploymentPostprocessing = 0;
			shellPath = /bin/sh;
			shellScript = "diff \"${PODS_PODFILE_DIR_PATH}/Podfile.lock\" \"${PODS_ROOT}/Manifest.lock\" > /dev/null\nif [ $? != 0 ] ; then\n    # print error to STDERR\n    echo \"error: The sandbox is not in sync with the Podfile.lock. Run 'pod install' or update your CocoaPods installation.\" >&2\n    exit 1\nfi\n";
			showEnvVarsInLog = 0;
		};
		750FFB750686461D21F31BCE /* [CP] Embed Pods Frameworks */ = {
			isa = PBXShellScriptBuildPhase;
			buildActionMask = 2147483647;
			files = (
			);
			inputPaths = (
			);
			name = "[CP] Embed Pods Frameworks";
			outputPaths = (
			);
			runOnlyForDeploymentPostprocessing = 0;
			shellPath = /bin/sh;
			shellScript = "\"${SRCROOT}/Pods/Target Support Files/Pods-instagram/Pods-instagram-frameworks.sh\"\n";
			showEnvVarsInLog = 0;
		};
		7A03BD6C05D88E57FE337E70 /* [CP] Embed Pods Frameworks */ = {
			isa = PBXShellScriptBuildPhase;
			buildActionMask = 2147483647;
			files = (
			);
			inputPaths = (
			);
			name = "[CP] Embed Pods Frameworks";
			outputPaths = (
			);
			runOnlyForDeploymentPostprocessing = 0;
			shellPath = /bin/sh;
			shellScript = "\"${SRCROOT}/Pods/Target Support Files/Pods-instagramTests/Pods-instagramTests-frameworks.sh\"\n";
			showEnvVarsInLog = 0;
		};
		DD229C2D4CE57086C0BA165E /* [CP] Check Pods Manifest.lock */ = {
			isa = PBXShellScriptBuildPhase;
			buildActionMask = 2147483647;
			files = (
			);
			inputPaths = (
			);
			name = "[CP] Check Pods Manifest.lock";
			outputPaths = (
			);
			runOnlyForDeploymentPostprocessing = 0;
			shellPath = /bin/sh;
			shellScript = "diff \"${PODS_PODFILE_DIR_PATH}/Podfile.lock\" \"${PODS_ROOT}/Manifest.lock\" > /dev/null\nif [ $? != 0 ] ; then\n    # print error to STDERR\n    echo \"error: The sandbox is not in sync with the Podfile.lock. Run 'pod install' or update your CocoaPods installation.\" >&2\n    exit 1\nfi\n";
			showEnvVarsInLog = 0;
		};
		E176BC605DB4083B7513BA9D /* [CP] Copy Pods Resources */ = {
			isa = PBXShellScriptBuildPhase;
			buildActionMask = 2147483647;
			files = (
			);
			inputPaths = (
			);
			name = "[CP] Copy Pods Resources";
			outputPaths = (
			);
			runOnlyForDeploymentPostprocessing = 0;
			shellPath = /bin/sh;
			shellScript = "\"${SRCROOT}/Pods/Target Support Files/Pods-instagramUITests/Pods-instagramUITests-resources.sh\"\n";
			showEnvVarsInLog = 0;
		};
		E8A210D7D45D9DD104F38FC6 /* [CP] Copy Pods Resources */ = {
			isa = PBXShellScriptBuildPhase;
			buildActionMask = 2147483647;
			files = (
			);
			inputPaths = (
			);
			name = "[CP] Copy Pods Resources";
			outputPaths = (
			);
			runOnlyForDeploymentPostprocessing = 0;
			shellPath = /bin/sh;
			shellScript = "\"${SRCROOT}/Pods/Target Support Files/Pods-instagram/Pods-instagram-resources.sh\"\n";
			showEnvVarsInLog = 0;
		};
		FDF0EBF4A0D13E2D65D0FB14 /* [CP] Embed Pods Frameworks */ = {
			isa = PBXShellScriptBuildPhase;
			buildActionMask = 2147483647;
			files = (
			);
			inputPaths = (
			);
			name = "[CP] Embed Pods Frameworks";
			outputPaths = (
			);
			runOnlyForDeploymentPostprocessing = 0;
			shellPath = /bin/sh;
			shellScript = "\"${SRCROOT}/Pods/Target Support Files/Pods-instagramUITests/Pods-instagramUITests-frameworks.sh\"\n";
			showEnvVarsInLog = 0;
		};
/* End PBXShellScriptBuildPhase section */

/* Begin PBXSourcesBuildPhase section */
		EFF428DD1F0302B300B6E6CA /* Sources */ = {
			isa = PBXSourcesBuildPhase;
			buildActionMask = 2147483647;
			files = (
				EFFCEBF11F0464B400D622BE /* MakePostViewController.swift in Sources */,
				EFB84FF11F0310A60046E7FF /* LoginViewController.swift in Sources */,
				EFF428E71F0302B300B6E6CA /* ViewController.swift in Sources */,
				EFFCEBEB1F04246000D622BE /* ProfileViewController.swift in Sources */,
				EFFCEBEF1F04520000D622BE /* feedPostCell.swift in Sources */,
				EFF428E51F0302B300B6E6CA /* AppDelegate.swift in Sources */,
				EFC19F861F05868300448ABB /* Post.swift in Sources */,
				EFB84FF41F0327C30046E7FF /* HomeViewController.swift in Sources */,
				EFFCEBF31F0486F500D622BE /* AddCaptionViewController.swift in Sources */,
			);
			runOnlyForDeploymentPostprocessing = 0;
		};
		EFF428F11F0302B300B6E6CA /* Sources */ = {
			isa = PBXSourcesBuildPhase;
			buildActionMask = 2147483647;
			files = (
				EFF428FA1F0302B300B6E6CA /* instagramTests.swift in Sources */,
			);
			runOnlyForDeploymentPostprocessing = 0;
		};
		EFF428FC1F0302B300B6E6CA /* Sources */ = {
			isa = PBXSourcesBuildPhase;
			buildActionMask = 2147483647;
			files = (
				EFF429051F0302B300B6E6CA /* instagramUITests.swift in Sources */,
			);
			runOnlyForDeploymentPostprocessing = 0;
		};
/* End PBXSourcesBuildPhase section */

/* Begin PBXTargetDependency section */
		EFF428F71F0302B300B6E6CA /* PBXTargetDependency */ = {
			isa = PBXTargetDependency;
			target = EFF428E01F0302B300B6E6CA /* instagram */;
			targetProxy = EFF428F61F0302B300B6E6CA /* PBXContainerItemProxy */;
		};
		EFF429021F0302B300B6E6CA /* PBXTargetDependency */ = {
			isa = PBXTargetDependency;
			target = EFF428E01F0302B300B6E6CA /* instagram */;
			targetProxy = EFF429011F0302B300B6E6CA /* PBXContainerItemProxy */;
		};
/* End PBXTargetDependency section */

/* Begin PBXVariantGroup section */
		EFF428E81F0302B300B6E6CA /* Main.storyboard */ = {
			isa = PBXVariantGroup;
			children = (
				EFF428E91F0302B300B6E6CA /* Base */,
			);
			name = Main.storyboard;
			sourceTree = "<group>";
		};
		EFF428ED1F0302B300B6E6CA /* LaunchScreen.storyboard */ = {
			isa = PBXVariantGroup;
			children = (
				EFF428EE1F0302B300B6E6CA /* Base */,
			);
			name = LaunchScreen.storyboard;
			sourceTree = "<group>";
		};
/* End PBXVariantGroup section */

/* Begin XCBuildConfiguration section */
		EFF429071F0302B300B6E6CA /* Debug */ = {
			isa = XCBuildConfiguration;
			buildSettings = {
				ALWAYS_SEARCH_USER_PATHS = NO;
				CLANG_ANALYZER_NONNULL = YES;
				CLANG_ANALYZER_NUMBER_OBJECT_CONVERSION = YES_AGGRESSIVE;
				CLANG_CXX_LANGUAGE_STANDARD = "gnu++0x";
				CLANG_CXX_LIBRARY = "libc++";
				CLANG_ENABLE_MODULES = YES;
				CLANG_ENABLE_OBJC_ARC = YES;
				CLANG_WARN_BOOL_CONVERSION = YES;
				CLANG_WARN_CONSTANT_CONVERSION = YES;
				CLANG_WARN_DIRECT_OBJC_ISA_USAGE = YES_ERROR;
				CLANG_WARN_DOCUMENTATION_COMMENTS = YES;
				CLANG_WARN_EMPTY_BODY = YES;
				CLANG_WARN_ENUM_CONVERSION = YES;
				CLANG_WARN_INFINITE_RECURSION = YES;
				CLANG_WARN_INT_CONVERSION = YES;
				CLANG_WARN_OBJC_ROOT_CLASS = YES_ERROR;
				CLANG_WARN_SUSPICIOUS_MOVE = YES;
				CLANG_WARN_UNREACHABLE_CODE = YES;
				CLANG_WARN__DUPLICATE_METHOD_MATCH = YES;
				"CODE_SIGN_IDENTITY[sdk=iphoneos*]" = "iPhone Developer";
				COPY_PHASE_STRIP = NO;
				DEBUG_INFORMATION_FORMAT = dwarf;
				ENABLE_STRICT_OBJC_MSGSEND = YES;
				ENABLE_TESTABILITY = YES;
				GCC_C_LANGUAGE_STANDARD = gnu99;
				GCC_DYNAMIC_NO_PIC = NO;
				GCC_NO_COMMON_BLOCKS = YES;
				GCC_OPTIMIZATION_LEVEL = 0;
				GCC_PREPROCESSOR_DEFINITIONS = (
					"DEBUG=1",
					"$(inherited)",
				);
				GCC_WARN_64_TO_32_BIT_CONVERSION = YES;
				GCC_WARN_ABOUT_RETURN_TYPE = YES_ERROR;
				GCC_WARN_UNDECLARED_SELECTOR = YES;
				GCC_WARN_UNINITIALIZED_AUTOS = YES_AGGRESSIVE;
				GCC_WARN_UNUSED_FUNCTION = YES;
				GCC_WARN_UNUSED_VARIABLE = YES;
				IPHONEOS_DEPLOYMENT_TARGET = 10.3;
				MTL_ENABLE_DEBUG_INFO = YES;
				ONLY_ACTIVE_ARCH = YES;
				SDKROOT = iphoneos;
				SWIFT_ACTIVE_COMPILATION_CONDITIONS = DEBUG;
				SWIFT_OPTIMIZATION_LEVEL = "-Onone";
			};
			name = Debug;
		};
		EFF429081F0302B300B6E6CA /* Release */ = {
			isa = XCBuildConfiguration;
			buildSettings = {
				ALWAYS_SEARCH_USER_PATHS = NO;
				CLANG_ANALYZER_NONNULL = YES;
				CLANG_ANALYZER_NUMBER_OBJECT_CONVERSION = YES_AGGRESSIVE;
				CLANG_CXX_LANGUAGE_STANDARD = "gnu++0x";
				CLANG_CXX_LIBRARY = "libc++";
				CLANG_ENABLE_MODULES = YES;
				CLANG_ENABLE_OBJC_ARC = YES;
				CLANG_WARN_BOOL_CONVERSION = YES;
				CLANG_WARN_CONSTANT_CONVERSION = YES;
				CLANG_WARN_DIRECT_OBJC_ISA_USAGE = YES_ERROR;
				CLANG_WARN_DOCUMENTATION_COMMENTS = YES;
				CLANG_WARN_EMPTY_BODY = YES;
				CLANG_WARN_ENUM_CONVERSION = YES;
				CLANG_WARN_INFINITE_RECURSION = YES;
				CLANG_WARN_INT_CONVERSION = YES;
				CLANG_WARN_OBJC_ROOT_CLASS = YES_ERROR;
				CLANG_WARN_SUSPICIOUS_MOVE = YES;
				CLANG_WARN_UNREACHABLE_CODE = YES;
				CLANG_WARN__DUPLICATE_METHOD_MATCH = YES;
				"CODE_SIGN_IDENTITY[sdk=iphoneos*]" = "iPhone Developer";
				COPY_PHASE_STRIP = NO;
				DEBUG_INFORMATION_FORMAT = "dwarf-with-dsym";
				ENABLE_NS_ASSERTIONS = NO;
				ENABLE_STRICT_OBJC_MSGSEND = YES;
				GCC_C_LANGUAGE_STANDARD = gnu99;
				GCC_NO_COMMON_BLOCKS = YES;
				GCC_WARN_64_TO_32_BIT_CONVERSION = YES;
				GCC_WARN_ABOUT_RETURN_TYPE = YES_ERROR;
				GCC_WARN_UNDECLARED_SELECTOR = YES;
				GCC_WARN_UNINITIALIZED_AUTOS = YES_AGGRESSIVE;
				GCC_WARN_UNUSED_FUNCTION = YES;
				GCC_WARN_UNUSED_VARIABLE = YES;
				IPHONEOS_DEPLOYMENT_TARGET = 10.3;
				MTL_ENABLE_DEBUG_INFO = NO;
				SDKROOT = iphoneos;
				SWIFT_OPTIMIZATION_LEVEL = "-Owholemodule";
				VALIDATE_PRODUCT = YES;
			};
			name = Release;
		};
		EFF4290A1F0302B300B6E6CA /* Debug */ = {
			isa = XCBuildConfiguration;
			baseConfigurationReference = D6C6D43B16879963A9544657 /* Pods-instagram.debug.xcconfig */;
			buildSettings = {
				ASSETCATALOG_COMPILER_APPICON_NAME = AppIcon;
				DEVELOPMENT_TEAM = P533X93YKA;
				INFOPLIST_FILE = instagram/Info.plist;
				LD_RUNPATH_SEARCH_PATHS = "$(inherited) @executable_path/Frameworks";
				PRODUCT_BUNDLE_IDENTIFIER = com.rey.instagram;
				PRODUCT_NAME = "$(TARGET_NAME)";
				SWIFT_VERSION = 3.0;
			};
			name = Debug;
		};
		EFF4290B1F0302B300B6E6CA /* Release */ = {
			isa = XCBuildConfiguration;
			baseConfigurationReference = 93DE7BE69C9D594046B8C833 /* Pods-instagram.release.xcconfig */;
			buildSettings = {
				ASSETCATALOG_COMPILER_APPICON_NAME = AppIcon;
				DEVELOPMENT_TEAM = P533X93YKA;
				INFOPLIST_FILE = instagram/Info.plist;
				LD_RUNPATH_SEARCH_PATHS = "$(inherited) @executable_path/Frameworks";
				PRODUCT_BUNDLE_IDENTIFIER = com.rey.instagram;
				PRODUCT_NAME = "$(TARGET_NAME)";
				SWIFT_VERSION = 3.0;
			};
			name = Release;
		};
		EFF4290D1F0302B300B6E6CA /* Debug */ = {
			isa = XCBuildConfiguration;
			baseConfigurationReference = B19F6A52063B65B4A4CF5407 /* Pods-instagramTests.debug.xcconfig */;
			buildSettings = {
				ALWAYS_EMBED_SWIFT_STANDARD_LIBRARIES = YES;
				BUNDLE_LOADER = "$(TEST_HOST)";
				INFOPLIST_FILE = instagramTests/Info.plist;
				LD_RUNPATH_SEARCH_PATHS = "$(inherited) @executable_path/Frameworks @loader_path/Frameworks";
				PRODUCT_BUNDLE_IDENTIFIER = com.rey.instagramTests;
				PRODUCT_NAME = "$(TARGET_NAME)";
				SWIFT_VERSION = 3.0;
				TEST_HOST = "$(BUILT_PRODUCTS_DIR)/instagram.app/instagram";
			};
			name = Debug;
		};
		EFF4290E1F0302B300B6E6CA /* Release */ = {
			isa = XCBuildConfiguration;
			baseConfigurationReference = FF349270CF9F553BAF883DE1 /* Pods-instagramTests.release.xcconfig */;
			buildSettings = {
				ALWAYS_EMBED_SWIFT_STANDARD_LIBRARIES = YES;
				BUNDLE_LOADER = "$(TEST_HOST)";
				INFOPLIST_FILE = instagramTests/Info.plist;
				LD_RUNPATH_SEARCH_PATHS = "$(inherited) @executable_path/Frameworks @loader_path/Frameworks";
				PRODUCT_BUNDLE_IDENTIFIER = com.rey.instagramTests;
				PRODUCT_NAME = "$(TARGET_NAME)";
				SWIFT_VERSION = 3.0;
				TEST_HOST = "$(BUILT_PRODUCTS_DIR)/instagram.app/instagram";
			};
			name = Release;
		};
		EFF429101F0302B300B6E6CA /* Debug */ = {
			isa = XCBuildConfiguration;
			baseConfigurationReference = DA68C1B7EBA73761EDD34CF5 /* Pods-instagramUITests.debug.xcconfig */;
			buildSettings = {
				ALWAYS_EMBED_SWIFT_STANDARD_LIBRARIES = YES;
				INFOPLIST_FILE = instagramUITests/Info.plist;
				LD_RUNPATH_SEARCH_PATHS = "$(inherited) @executable_path/Frameworks @loader_path/Frameworks";
				PRODUCT_BUNDLE_IDENTIFIER = com.rey.instagramUITests;
				PRODUCT_NAME = "$(TARGET_NAME)";
				SWIFT_VERSION = 3.0;
				TEST_TARGET_NAME = instagram;
			};
			name = Debug;
		};
		EFF429111F0302B300B6E6CA /* Release */ = {
			isa = XCBuildConfiguration;
			baseConfigurationReference = 2AD922271D30A19166FB411D /* Pods-instagramUITests.release.xcconfig */;
			buildSettings = {
				ALWAYS_EMBED_SWIFT_STANDARD_LIBRARIES = YES;
				INFOPLIST_FILE = instagramUITests/Info.plist;
				LD_RUNPATH_SEARCH_PATHS = "$(inherited) @executable_path/Frameworks @loader_path/Frameworks";
				PRODUCT_BUNDLE_IDENTIFIER = com.rey.instagramUITests;
				PRODUCT_NAME = "$(TARGET_NAME)";
				SWIFT_VERSION = 3.0;
				TEST_TARGET_NAME = instagram;
			};
			name = Release;
		};
/* End XCBuildConfiguration section */

/* Begin XCConfigurationList section */
		EFF428DC1F0302B300B6E6CA /* Build configuration list for PBXProject "instagram" */ = {
			isa = XCConfigurationList;
			buildConfigurations = (
				EFF429071F0302B300B6E6CA /* Debug */,
				EFF429081F0302B300B6E6CA /* Release */,
			);
			defaultConfigurationIsVisible = 0;
			defaultConfigurationName = Release;
		};
		EFF429091F0302B300B6E6CA /* Build configuration list for PBXNativeTarget "instagram" */ = {
			isa = XCConfigurationList;
			buildConfigurations = (
				EFF4290A1F0302B300B6E6CA /* Debug */,
				EFF4290B1F0302B300B6E6CA /* Release */,
			);
			defaultConfigurationIsVisible = 0;
			defaultConfigurationName = Release;
		};
		EFF4290C1F0302B300B6E6CA /* Build configuration list for PBXNativeTarget "instagramTests" */ = {
			isa = XCConfigurationList;
			buildConfigurations = (
				EFF4290D1F0302B300B6E6CA /* Debug */,
				EFF4290E1F0302B300B6E6CA /* Release */,
			);
			defaultConfigurationIsVisible = 0;
			defaultConfigurationName = Release;
		};
		EFF4290F1F0302B300B6E6CA /* Build configuration list for PBXNativeTarget "instagramUITests" */ = {
			isa = XCConfigurationList;
			buildConfigurations = (
				EFF429101F0302B300B6E6CA /* Debug */,
				EFF429111F0302B300B6E6CA /* Release */,
			);
			defaultConfigurationIsVisible = 0;
			defaultConfigurationName = Release;
		};
/* End XCConfigurationList section */
	};
	rootObject = EFF428D91F0302B300B6E6CA /* Project object */;
}
